<?xml version="1.0" encoding="utf-8"?>
<Project ToolsVersion="4.0" xmlns="http://schemas.microsoft.com/developer/msbuild/2003">
  <ItemGroup>
    <Filter Include="Source Files">
      <UniqueIdentifier>{4FC737F1-C7A5-4376-A066-2A32D752A2FF}</UniqueIdentifier>
      <Extensions>cpp;c;cc;cxx;def;odl;idl;hpj;bat;asm;asmx</Extensions>
    </Filter>
    <Filter Include="Header Files">
      <UniqueIdentifier>{93995380-89BD-4b04-88EB-625FBE52EBFB}</UniqueIdentifier>
      <Extensions>h;hpp;hxx;hm;inl;inc;xsd</Extensions>
    </Filter>
    <Filter Include="Resource Files">
      <UniqueIdentifier>{67DA6AB6-F800-4c08-8B7A-83BB121AAD01}</UniqueIdentifier>
      <Extensions>rc;ico;cur;bmp;dlg;rc2;rct;bin;rgs;gif;jpg;jpeg;jpe;resx;tiff;tif;png;wav;mfcribbon-ms</Extensions>
    </Filter>
  </ItemGroup>
  <ItemGroup>
    <Text Include="ReadMe.txt" />
  </ItemGroup>
  <ItemGroup>
    <ClInclude Include="include\Camera.h">
      <Filter>Header Files</Filter>
    </ClInclude>
    <ClInclude Include="include\defs.h">
      <Filter>Header Files</Filter>
    </ClInclude>
    <ClInclude Include="include\Intersection.h">
      <Filter>Header Files</Filter>
    </ClInclude>
    <ClInclude Include="include\Light.h">
      <Filter>Header Files</Filter>
    </ClInclude>
    <ClInclude Include="include\LinearSolver.h">
      <Filter>Header Files</Filter>
    </ClInclude>
    <ClInclude Include="include\Lists.h">
      <Filter>Header Files</Filter>
    </ClInclude>
    <ClInclude Include="include\Ray.h">
      <Filter>Header Files</Filter>
    </ClInclude>
    <ClInclude Include="include\RayTracer.h">
      <Filter>Header Files</Filter>
    </ClInclude>
    <ClInclude Include="include\Scene.h">
      <Filter>Header Files</Filter>
    </ClInclude>
    <ClInclude Include="include\Shader.h">
      <Filter>Header Files</Filter>
    </ClInclude>
    <ClInclude Include="include\Sphere.h">
      <Filter>Header Files</Filter>
    </ClInclude>
    <ClInclude Include="include\Surface.h">
      <Filter>Header Files</Filter>
    </ClInclude>
    <ClInclude Include="include\Triangle.h">
      <Filter>Header Files</Filter>
    </ClInclude>
    <ClInclude Include="include\utilities.h">
      <Filter>Header Files</Filter>
    </ClInclude>
    <ClInclude Include="include\RGBR_f.h">
      <Filter>Header Files</Filter>
    </ClInclude>
    <ClInclude Include="include\SceneNode.h">
      <Filter>Header Files</Filter>
    </ClInclude>
    <ClInclude Include="include\GeometryNode.h">
      <Filter>Header Files</Filter>
    </ClInclude>
    <ClInclude Include="include\CameraNode.h">
      <Filter>Header Files</Filter>
    </ClInclude>
    <ClInclude Include="include\LightNode.h">
      <Filter>Header Files</Filter>
    </ClInclude>
    <ClInclude Include="include\TransformNode.h">
      <Filter>Header Files</Filter>
    </ClInclude>
    <ClInclude Include="include\TriangleMeshNode.h">
      <Filter>Header Files</Filter>
    </ClInclude>
    <ClInclude Include="include\SurfaceNode.h">
      <Filter>Header Files</Filter>
    </ClInclude>
  </ItemGroup>
  <ItemGroup>
    <ClCompile Include="Camera.cpp">
      <Filter>Source Files</Filter>
    </ClCompile>
    <ClCompile Include="Intersection.cpp">
      <Filter>Source Files</Filter>
    </ClCompile>
    <ClCompile Include="Light.cpp">
      <Filter>Source Files</Filter>
    </ClCompile>
    <ClCompile Include="LinearSolver.cpp">
      <Filter>Source Files</Filter>
    </ClCompile>
    <ClCompile Include="Ray.cpp">
      <Filter>Source Files</Filter>
    </ClCompile>
    <ClCompile Include="RayTracer.cpp">
      <Filter>Source Files</Filter>
    </ClCompile>
    <ClCompile Include="Scene.cpp">
      <Filter>Source Files</Filter>
    </ClCompile>
    <ClCompile Include="Shader.cpp">
      <Filter>Source Files</Filter>
    </ClCompile>
    <ClCompile Include="Sphere.cpp">
      <Filter>Source Files</Filter>
    </ClCompile>
    <ClCompile Include="Surface.cpp">
      <Filter>Source Files</Filter>
    </ClCompile>
    <ClCompile Include="Triangle.cpp">
      <Filter>Source Files</Filter>
    </ClCompile>
    <ClCompile Include="utilities.cpp">
      <Filter>Source Files</Filter>
    </ClCompile>
    <ClCompile Include="RGBR_f.cpp">
      <Filter>Source Files</Filter>
    </ClCompile>
    <ClCompile Include="SceneNode.cpp">
      <Filter>Source Files</Filter>
    </ClCompile>
    <ClCompile Include="GeometryNode.cpp">
      <Filter>Source Files</Filter>
    </ClCompile>
    <ClCompile Include="CameraNode.cpp">
      <Filter>Source Files</Filter>
    </ClCompile>
    <ClCompile Include="LightNode.cpp">
      <Filter>Source Files</Filter>
    </ClCompile>
    <ClCompile Include="TransformNode.cpp">
      <Filter>Source Files</Filter>
    </ClCompile>
    <ClCompile Include="TriangleMeshNode.cpp">
      <Filter>Source Files</Filter>
    </ClCompile>
    <ClCompile Include="SurfaceNode.cpp">
      <Filter>Source Files</Filter>
    </ClCompile>
  </ItemGroup>
</Project>